
Microsoft Visual Studio Solution File, Format Version 12.00
# Visual Studio Version 17
VisualStudioVersion = 17.7.34024.191
MinimumVisualStudioVersion = 10.0.40219.1
Project("{FAE04EC0-301F-11D3-BF4B-00C04F79EFBC}") = "Pr_2_baseAlgoritm", "Pr_2_baseAlgoritm\Pr_2_baseAlgoritm.csproj", "{57632CFA-3642-4B0C-A499-B6C1CAF309C7}"
EndProject
Global
	GlobalSection(SolutionConfigurationPlatforms) = preSolution
		Debug|Any CPU = Debug|Any CPU
		Release|Any CPU = Release|Any CPU
	EndGlobalSection
	GlobalSection(ProjectConfigurationPlatforms) = postSolution
		{57632CFA-3642-4B0C-A499-B6C1CAF309C7}.Debug|Any CPU.ActiveCfg = Debug|Any CPU
		{57632CFA-3642-4B0C-A499-B6C1CAF309C7}.Debug|Any CPU.Build.0 = Debug|Any CPU
		{57632CFA-3642-4B0C-A499-B6C1CAF309C7}.Release|Any CPU.ActiveCfg = Release|Any CPU
		{57632CFA-3642-4B0C-A499-B6C1CAF309C7}.Release|Any CPU.Build.0 = Release|Any CPU
	EndGlobalSection
	GlobalSection(SolutionProperties) = preSolution
		HideSolutionNode = FALSE
	EndGlobalSection
	GlobalSection(ExtensibilityGlobals) = postSolution
		SolutionGuid = {96C46DBB-7787-450F-AFA7-C866DA39C2A6}
	EndGlobalSection
EndGlobal
